
Microsoft Visual Studio Solution File, Format Version 12.00
Project("{FAE04EC0-301F-11D3-BF4B-00C04F79EFBC}") = "BlazorApp1", "BlazorApp1\BlazorApp1.csproj", "{3DAD0FB3-4C19-40F9-99AB-C8ADA7D2FD55}"
EndProject
Global
	GlobalSection(SolutionConfigurationPlatforms) = preSolution
		Debug|Any CPU = Debug|Any CPU
		Release|Any CPU = Release|Any CPU
	EndGlobalSection
	GlobalSection(ProjectConfigurationPlatforms) = postSolution
		{3DAD0FB3-4C19-40F9-99AB-C8ADA7D2FD55}.Debug|Any CPU.ActiveCfg = Debug|Any CPU
		{3DAD0FB3-4C19-40F9-99AB-C8ADA7D2FD55}.Debug|Any CPU.Build.0 = Debug|Any CPU
		{3DAD0FB3-4C19-40F9-99AB-C8ADA7D2FD55}.Release|Any CPU.ActiveCfg = Release|Any CPU
		{3DAD0FB3-4C19-40F9-99AB-C8ADA7D2FD55}.Release|Any CPU.Build.0 = Release|Any CPU
	EndGlobalSection
EndGlobal
